<?xml version="1.0" encoding="utf-8"?>
<Project ToolsVersion="4.0" xmlns="http://schemas.microsoft.com/developer/msbuild/2003">
  <ItemGroup>
    <Filter Include="Precompiled Header">
      <UniqueIdentifier>{d2e3bfe9-1636-4b66-9584-4aaf32f2ab4e}</UniqueIdentifier>
    </Filter>
    <Filter Include="Tests">
      <UniqueIdentifier>{3f6913db-a25a-427d-a218-2ee22a5eb533}</UniqueIdentifier>
    </Filter>
  </ItemGroup>
  <ItemGroup>
    <ClCompile Include="PrecompiledHeader.cpp">
      <Filter>Precompiled Header</Filter>
    </ClCompile>
    <ClCompile Include="CallbackTimerQueueTest.cpp">
      <Filter>Tests</Filter>
    </ClCompile>
    <ClCompile Include="ThreadedCallbackTimerQueueTest.cpp">
      <Filter>Tests</Filter>
    </ClCompile>
  </ItemGroup>
  <ItemGroup>
    <ClInclude Include="PrecompiledHeader.h">
      <Filter>Precompiled Header</Filter>
    </ClInclude>
  </ItemGroup>
</Project>