Microsoft Visual Studio Solution File, Format Version 8.00
Project("{8BC9CEB8-8B4A-11D0-8D11-00A0C91BC942}") = "Admin", "..\Admin\Admin.2003.vcproj", "{0440B71C-082D-454B-BBCF-51F1F15372FD}"
	ProjectSection(ProjectDependencies) = postProject
	EndProjectSection
EndProject
Project("{8BC9CEB8-8B4A-11D0-8D11-00A0C91BC942}") = "TestTools", "..\TestTools\TestTools.2003.vcproj", "{5A45CE6E-2BB6-4582-ADAF-9D1F0D21033E}"
	ProjectSection(ProjectDependencies) = postProject
	EndProjectSection
EndProject
Project("{8BC9CEB8-8B4A-11D0-8D11-00A0C91BC942}") = "PTMallocTools", "PTMallocTools.2003.vcproj", "{706A3F8D-AB39-45F3-BBA0-BF3B95CE74BE}"
	ProjectSection(ProjectDependencies) = postProject
	EndProjectSection
EndProject
Project("{8BC9CEB8-8B4A-11D0-8D11-00A0C91BC942}") = "PTMallocToolsMock", "Mock\PTMallocToolsMock.2003.vcproj", "{0B1D4018-64AA-44B7-ABD8-936603EC0DE7}"
	ProjectSection(ProjectDependencies) = postProject
	EndProjectSection
EndProject
Project("{8BC9CEB8-8B4A-11D0-8D11-00A0C91BC942}") = "PTMallocToolsTest", "Test\PTMallocToolsTest.2003.vcproj", "{673D9A12-1869-4DDF-BC37-A463EAC46722}"
	ProjectSection(ProjectDependencies) = postProject
		{0B1D4018-64AA-44B7-ABD8-936603EC0DE7} = {0B1D4018-64AA-44B7-ABD8-936603EC0DE7}
		{5A45CE6E-2BB6-4582-ADAF-9D1F0D21033E} = {5A45CE6E-2BB6-4582-ADAF-9D1F0D21033E}
		{706A3F8D-AB39-45F3-BBA0-BF3B95CE74BE} = {706A3F8D-AB39-45F3-BBA0-BF3B95CE74BE}
	EndProjectSection
EndProject
Global
	GlobalSection(SolutionConfiguration) = preSolution
		Debug = Debug
		Release = Release
		Unicode Debug = Unicode Debug
		Unicode Debug No PreComp = Unicode Debug No PreComp
		Unicode Release = Unicode Release
	EndGlobalSection
	GlobalSection(ProjectDependencies) = postSolution
	EndGlobalSection
	GlobalSection(ProjectConfiguration) = postSolution
		{0440B71C-082D-454B-BBCF-51F1F15372FD}.Debug.ActiveCfg = Debug|Win32
		{0440B71C-082D-454B-BBCF-51F1F15372FD}.Debug.Build.0 = Debug|Win32
		{0440B71C-082D-454B-BBCF-51F1F15372FD}.Release.ActiveCfg = Release|Win32
		{0440B71C-082D-454B-BBCF-51F1F15372FD}.Release.Build.0 = Release|Win32
		{0440B71C-082D-454B-BBCF-51F1F15372FD}.Unicode Debug.ActiveCfg = Unicode Debug|Win32
		{0440B71C-082D-454B-BBCF-51F1F15372FD}.Unicode Debug.Build.0 = Unicode Debug|Win32
		{0440B71C-082D-454B-BBCF-51F1F15372FD}.Unicode Debug No PreComp.ActiveCfg = Unicode Debug No PreComp|Win32
		{0440B71C-082D-454B-BBCF-51F1F15372FD}.Unicode Debug No PreComp.Build.0 = Unicode Debug No PreComp|Win32
		{0440B71C-082D-454B-BBCF-51F1F15372FD}.Unicode Release.ActiveCfg = Unicode Release|Win32
		{0440B71C-082D-454B-BBCF-51F1F15372FD}.Unicode Release.Build.0 = Unicode Release|Win32
		{5A45CE6E-2BB6-4582-ADAF-9D1F0D21033E}.Debug.ActiveCfg = Debug|Win32
		{5A45CE6E-2BB6-4582-ADAF-9D1F0D21033E}.Debug.Build.0 = Debug|Win32
		{5A45CE6E-2BB6-4582-ADAF-9D1F0D21033E}.Release.ActiveCfg = Release|Win32
		{5A45CE6E-2BB6-4582-ADAF-9D1F0D21033E}.Release.Build.0 = Release|Win32
		{5A45CE6E-2BB6-4582-ADAF-9D1F0D21033E}.Unicode Debug.ActiveCfg = Unicode Debug|Win32
		{5A45CE6E-2BB6-4582-ADAF-9D1F0D21033E}.Unicode Debug.Build.0 = Unicode Debug|Win32
		{5A45CE6E-2BB6-4582-ADAF-9D1F0D21033E}.Unicode Debug No PreComp.ActiveCfg = Unicode Debug No PreComp|Win32
		{5A45CE6E-2BB6-4582-ADAF-9D1F0D21033E}.Unicode Debug No PreComp.Build.0 = Unicode Debug No PreComp|Win32
		{5A45CE6E-2BB6-4582-ADAF-9D1F0D21033E}.Unicode Release.ActiveCfg = Unicode Release|Win32
		{5A45CE6E-2BB6-4582-ADAF-9D1F0D21033E}.Unicode Release.Build.0 = Unicode Release|Win32
		{706A3F8D-AB39-45F3-BBA0-BF3B95CE74BE}.Debug.ActiveCfg = Debug|Win32
		{706A3F8D-AB39-45F3-BBA0-BF3B95CE74BE}.Debug.Build.0 = Debug|Win32
		{706A3F8D-AB39-45F3-BBA0-BF3B95CE74BE}.Release.ActiveCfg = Release|Win32
		{706A3F8D-AB39-45F3-BBA0-BF3B95CE74BE}.Release.Build.0 = Release|Win32
		{706A3F8D-AB39-45F3-BBA0-BF3B95CE74BE}.Unicode Debug.ActiveCfg = Unicode Debug|Win32
		{706A3F8D-AB39-45F3-BBA0-BF3B95CE74BE}.Unicode Debug.Build.0 = Unicode Debug|Win32
		{706A3F8D-AB39-45F3-BBA0-BF3B95CE74BE}.Unicode Debug No PreComp.ActiveCfg = Unicode Debug No PreComp|Win32
		{706A3F8D-AB39-45F3-BBA0-BF3B95CE74BE}.Unicode Debug No PreComp.Build.0 = Unicode Debug No PreComp|Win32
		{706A3F8D-AB39-45F3-BBA0-BF3B95CE74BE}.Unicode Release.ActiveCfg = Unicode Release|Win32
		{706A3F8D-AB39-45F3-BBA0-BF3B95CE74BE}.Unicode Release.Build.0 = Unicode Release|Win32
		{0B1D4018-64AA-44B7-ABD8-936603EC0DE7}.Debug.ActiveCfg = Debug|Win32
		{0B1D4018-64AA-44B7-ABD8-936603EC0DE7}.Debug.Build.0 = Debug|Win32
		{0B1D4018-64AA-44B7-ABD8-936603EC0DE7}.Release.ActiveCfg = Release|Win32
		{0B1D4018-64AA-44B7-ABD8-936603EC0DE7}.Release.Build.0 = Release|Win32
		{0B1D4018-64AA-44B7-ABD8-936603EC0DE7}.Unicode Debug.ActiveCfg = Unicode Debug|Win32
		{0B1D4018-64AA-44B7-ABD8-936603EC0DE7}.Unicode Debug.Build.0 = Unicode Debug|Win32
		{0B1D4018-64AA-44B7-ABD8-936603EC0DE7}.Unicode Debug No PreComp.ActiveCfg = Unicode Debug No PreComp|Win32
		{0B1D4018-64AA-44B7-ABD8-936603EC0DE7}.Unicode Debug No PreComp.Build.0 = Unicode Debug No PreComp|Win32
		{0B1D4018-64AA-44B7-ABD8-936603EC0DE7}.Unicode Release.ActiveCfg = Unicode Release|Win32
		{0B1D4018-64AA-44B7-ABD8-936603EC0DE7}.Unicode Release.Build.0 = Unicode Release|Win32
		{673D9A12-1869-4DDF-BC37-A463EAC46722}.Debug.ActiveCfg = Debug|Win32
		{673D9A12-1869-4DDF-BC37-A463EAC46722}.Debug.Build.0 = Debug|Win32
		{673D9A12-1869-4DDF-BC37-A463EAC46722}.Release.ActiveCfg = Release|Win32
		{673D9A12-1869-4DDF-BC37-A463EAC46722}.Release.Build.0 = Release|Win32
		{673D9A12-1869-4DDF-BC37-A463EAC46722}.Unicode Debug.ActiveCfg = Unicode Debug|Win32
		{673D9A12-1869-4DDF-BC37-A463EAC46722}.Unicode Debug.Build.0 = Unicode Debug|Win32
		{673D9A12-1869-4DDF-BC37-A463EAC46722}.Unicode Debug No PreComp.ActiveCfg = Unicode Debug No PreComp|Win32
		{673D9A12-1869-4DDF-BC37-A463EAC46722}.Unicode Debug No PreComp.Build.0 = Unicode Debug No PreComp|Win32
		{673D9A12-1869-4DDF-BC37-A463EAC46722}.Unicode Release.ActiveCfg = Unicode Release|Win32
		{673D9A12-1869-4DDF-BC37-A463EAC46722}.Unicode Release.Build.0 = Unicode Release|Win32
	EndGlobalSection
	GlobalSection(ExtensibilityGlobals) = postSolution
	EndGlobalSection
	GlobalSection(ExtensibilityAddIns) = postSolution
	EndGlobalSection
	GlobalSection(DPCodeReviewSolutionGUID) = preSolution
		DPCodeReviewSolutionGUID = {00000000-0000-0000-0000-000000000000}
	EndGlobalSection
EndGlobal
