
Microsoft Visual Studio Solution File, Format Version 12.00
# Visual Studio 15
Project("{8BC9CEB8-8B4A-11D0-8D11-00A0C91BC942}") = "CoreTools", "..\CoreTools.2017.vcxproj", "{CB040802-28E6-45FE-A217-C89BAB6FF0F8}"
EndProject
Project("{8BC9CEB8-8B4A-11D0-8D11-00A0C91BC942}") = "Admin", "..\..\Admin\Admin.2017.vcxproj", "{F7BBF14A-A173-49C5-AF88-EBC99A2C9A8B}"
EndProject
Project("{8BC9CEB8-8B4A-11D0-8D11-00A0C91BC942}") = "CoreToolsMock", "..\Mock\CoreToolsMock.2017.vcxproj", "{7B882663-0B39-4C00-B7F8-0BE894EA9468}"
EndProject
Project("{8BC9CEB8-8B4A-11D0-8D11-00A0C91BC942}") = "CoreToolsTest", "CoreToolsTest.2017.vcxproj", "{C5EE56F2-6BBD-48E6-910F-3ED17805BBC9}"
EndProject
Project("{8BC9CEB8-8B4A-11D0-8D11-00A0C91BC942}") = "TestTools", "..\..\TestTools\TestTools.2017.vcxproj", "{8AD287CB-15B7-48DA-99C7-8FDC792B79F2}"
EndProject
Project("{8BC9CEB8-8B4A-11D0-8D11-00A0C91BC942}") = "Win32Tools", "..\..\Win32Tools\Win32Tools.2017.vcxproj", "{7BC9B51A-7DFA-4AEE-A49A-AD52C1208DA3}"
EndProject
Global
	GlobalSection(SolutionConfigurationPlatforms) = preSolution
		Debug|Win32 = Debug|Win32
		Debug|x64 = Debug|x64
		Release|Win32 = Release|Win32
		Release|x64 = Release|x64
		Unicode Debug No PreComp|Win32 = Unicode Debug No PreComp|Win32
		Unicode Debug No PreComp|x64 = Unicode Debug No PreComp|x64
		Unicode Debug|Win32 = Unicode Debug|Win32
		Unicode Debug|x64 = Unicode Debug|x64
		Unicode Release|Win32 = Unicode Release|Win32
		Unicode Release|x64 = Unicode Release|x64
	EndGlobalSection
	GlobalSection(ProjectConfigurationPlatforms) = postSolution
		{CB040802-28E6-45FE-A217-C89BAB6FF0F8}.Debug|Win32.ActiveCfg = Debug|Win32
		{CB040802-28E6-45FE-A217-C89BAB6FF0F8}.Debug|Win32.Build.0 = Debug|Win32
		{CB040802-28E6-45FE-A217-C89BAB6FF0F8}.Debug|x64.ActiveCfg = Debug|x64
		{CB040802-28E6-45FE-A217-C89BAB6FF0F8}.Debug|x64.Build.0 = Debug|x64
		{CB040802-28E6-45FE-A217-C89BAB6FF0F8}.Release|Win32.ActiveCfg = Release|Win32
		{CB040802-28E6-45FE-A217-C89BAB6FF0F8}.Release|Win32.Build.0 = Release|Win32
		{CB040802-28E6-45FE-A217-C89BAB6FF0F8}.Release|x64.ActiveCfg = Release|x64
		{CB040802-28E6-45FE-A217-C89BAB6FF0F8}.Release|x64.Build.0 = Release|x64
		{CB040802-28E6-45FE-A217-C89BAB6FF0F8}.Unicode Debug No PreComp|Win32.ActiveCfg = Unicode Debug No PreComp|Win32
		{CB040802-28E6-45FE-A217-C89BAB6FF0F8}.Unicode Debug No PreComp|Win32.Build.0 = Unicode Debug No PreComp|Win32
		{CB040802-28E6-45FE-A217-C89BAB6FF0F8}.Unicode Debug No PreComp|x64.ActiveCfg = Unicode Debug No PreComp|x64
		{CB040802-28E6-45FE-A217-C89BAB6FF0F8}.Unicode Debug No PreComp|x64.Build.0 = Unicode Debug No PreComp|x64
		{CB040802-28E6-45FE-A217-C89BAB6FF0F8}.Unicode Debug|Win32.ActiveCfg = Unicode Debug|Win32
		{CB040802-28E6-45FE-A217-C89BAB6FF0F8}.Unicode Debug|Win32.Build.0 = Unicode Debug|Win32
		{CB040802-28E6-45FE-A217-C89BAB6FF0F8}.Unicode Debug|x64.ActiveCfg = Unicode Debug|x64
		{CB040802-28E6-45FE-A217-C89BAB6FF0F8}.Unicode Debug|x64.Build.0 = Unicode Debug|x64
		{CB040802-28E6-45FE-A217-C89BAB6FF0F8}.Unicode Release|Win32.ActiveCfg = Unicode Release|Win32
		{CB040802-28E6-45FE-A217-C89BAB6FF0F8}.Unicode Release|Win32.Build.0 = Unicode Release|Win32
		{CB040802-28E6-45FE-A217-C89BAB6FF0F8}.Unicode Release|x64.ActiveCfg = Unicode Release|x64
		{CB040802-28E6-45FE-A217-C89BAB6FF0F8}.Unicode Release|x64.Build.0 = Unicode Release|x64
		{F7BBF14A-A173-49C5-AF88-EBC99A2C9A8B}.Debug|Win32.ActiveCfg = Debug|Win32
		{F7BBF14A-A173-49C5-AF88-EBC99A2C9A8B}.Debug|Win32.Build.0 = Debug|Win32
		{F7BBF14A-A173-49C5-AF88-EBC99A2C9A8B}.Debug|x64.ActiveCfg = Debug|x64
		{F7BBF14A-A173-49C5-AF88-EBC99A2C9A8B}.Debug|x64.Build.0 = Debug|x64
		{F7BBF14A-A173-49C5-AF88-EBC99A2C9A8B}.Release|Win32.ActiveCfg = Release|Win32
		{F7BBF14A-A173-49C5-AF88-EBC99A2C9A8B}.Release|Win32.Build.0 = Release|Win32
		{F7BBF14A-A173-49C5-AF88-EBC99A2C9A8B}.Release|x64.ActiveCfg = Release|x64
		{F7BBF14A-A173-49C5-AF88-EBC99A2C9A8B}.Release|x64.Build.0 = Release|x64
		{F7BBF14A-A173-49C5-AF88-EBC99A2C9A8B}.Unicode Debug No PreComp|Win32.ActiveCfg = Unicode Debug No PreComp|Win32
		{F7BBF14A-A173-49C5-AF88-EBC99A2C9A8B}.Unicode Debug No PreComp|Win32.Build.0 = Unicode Debug No PreComp|Win32
		{F7BBF14A-A173-49C5-AF88-EBC99A2C9A8B}.Unicode Debug No PreComp|x64.ActiveCfg = Unicode Debug No PreComp|x64
		{F7BBF14A-A173-49C5-AF88-EBC99A2C9A8B}.Unicode Debug No PreComp|x64.Build.0 = Unicode Debug No PreComp|x64
		{F7BBF14A-A173-49C5-AF88-EBC99A2C9A8B}.Unicode Debug|Win32.ActiveCfg = Unicode Debug|Win32
		{F7BBF14A-A173-49C5-AF88-EBC99A2C9A8B}.Unicode Debug|Win32.Build.0 = Unicode Debug|Win32
		{F7BBF14A-A173-49C5-AF88-EBC99A2C9A8B}.Unicode Debug|x64.ActiveCfg = Unicode Debug|x64
		{F7BBF14A-A173-49C5-AF88-EBC99A2C9A8B}.Unicode Debug|x64.Build.0 = Unicode Debug|x64
		{F7BBF14A-A173-49C5-AF88-EBC99A2C9A8B}.Unicode Release|Win32.ActiveCfg = Unicode Release|Win32
		{F7BBF14A-A173-49C5-AF88-EBC99A2C9A8B}.Unicode Release|Win32.Build.0 = Unicode Release|Win32
		{F7BBF14A-A173-49C5-AF88-EBC99A2C9A8B}.Unicode Release|x64.ActiveCfg = Unicode Release|x64
		{F7BBF14A-A173-49C5-AF88-EBC99A2C9A8B}.Unicode Release|x64.Build.0 = Unicode Release|x64
		{7B882663-0B39-4C00-B7F8-0BE894EA9468}.Debug|Win32.ActiveCfg = Debug|Win32
		{7B882663-0B39-4C00-B7F8-0BE894EA9468}.Debug|Win32.Build.0 = Debug|Win32
		{7B882663-0B39-4C00-B7F8-0BE894EA9468}.Debug|x64.ActiveCfg = Debug|x64
		{7B882663-0B39-4C00-B7F8-0BE894EA9468}.Debug|x64.Build.0 = Debug|x64
		{7B882663-0B39-4C00-B7F8-0BE894EA9468}.Release|Win32.ActiveCfg = Release|Win32
		{7B882663-0B39-4C00-B7F8-0BE894EA9468}.Release|Win32.Build.0 = Release|Win32
		{7B882663-0B39-4C00-B7F8-0BE894EA9468}.Release|x64.ActiveCfg = Release|x64
		{7B882663-0B39-4C00-B7F8-0BE894EA9468}.Release|x64.Build.0 = Release|x64
		{7B882663-0B39-4C00-B7F8-0BE894EA9468}.Unicode Debug No PreComp|Win32.ActiveCfg = Unicode Debug No PreComp|Win32
		{7B882663-0B39-4C00-B7F8-0BE894EA9468}.Unicode Debug No PreComp|Win32.Build.0 = Unicode Debug No PreComp|Win32
		{7B882663-0B39-4C00-B7F8-0BE894EA9468}.Unicode Debug No PreComp|x64.ActiveCfg = Unicode Debug No PreComp|x64
		{7B882663-0B39-4C00-B7F8-0BE894EA9468}.Unicode Debug No PreComp|x64.Build.0 = Unicode Debug No PreComp|x64
		{7B882663-0B39-4C00-B7F8-0BE894EA9468}.Unicode Debug|Win32.ActiveCfg = Unicode Debug|Win32
		{7B882663-0B39-4C00-B7F8-0BE894EA9468}.Unicode Debug|Win32.Build.0 = Unicode Debug|Win32
		{7B882663-0B39-4C00-B7F8-0BE894EA9468}.Unicode Debug|x64.ActiveCfg = Unicode Debug|x64
		{7B882663-0B39-4C00-B7F8-0BE894EA9468}.Unicode Debug|x64.Build.0 = Unicode Debug|x64
		{7B882663-0B39-4C00-B7F8-0BE894EA9468}.Unicode Release|Win32.ActiveCfg = Unicode Release|Win32
		{7B882663-0B39-4C00-B7F8-0BE894EA9468}.Unicode Release|Win32.Build.0 = Unicode Release|Win32
		{7B882663-0B39-4C00-B7F8-0BE894EA9468}.Unicode Release|x64.ActiveCfg = Unicode Release|x64
		{7B882663-0B39-4C00-B7F8-0BE894EA9468}.Unicode Release|x64.Build.0 = Unicode Release|x64
		{C5EE56F2-6BBD-48E6-910F-3ED17805BBC9}.Debug|Win32.ActiveCfg = Debug|Win32
		{C5EE56F2-6BBD-48E6-910F-3ED17805BBC9}.Debug|Win32.Build.0 = Debug|Win32
		{C5EE56F2-6BBD-48E6-910F-3ED17805BBC9}.Debug|x64.ActiveCfg = Debug|x64
		{C5EE56F2-6BBD-48E6-910F-3ED17805BBC9}.Debug|x64.Build.0 = Debug|x64
		{C5EE56F2-6BBD-48E6-910F-3ED17805BBC9}.Release|Win32.ActiveCfg = Release|Win32
		{C5EE56F2-6BBD-48E6-910F-3ED17805BBC9}.Release|Win32.Build.0 = Release|Win32
		{C5EE56F2-6BBD-48E6-910F-3ED17805BBC9}.Release|x64.ActiveCfg = Release|x64
		{C5EE56F2-6BBD-48E6-910F-3ED17805BBC9}.Release|x64.Build.0 = Release|x64
		{C5EE56F2-6BBD-48E6-910F-3ED17805BBC9}.Unicode Debug No PreComp|Win32.ActiveCfg = Unicode Debug No PreComp|Win32
		{C5EE56F2-6BBD-48E6-910F-3ED17805BBC9}.Unicode Debug No PreComp|Win32.Build.0 = Unicode Debug No PreComp|Win32
		{C5EE56F2-6BBD-48E6-910F-3ED17805BBC9}.Unicode Debug No PreComp|x64.ActiveCfg = Unicode Debug No PreComp|x64
		{C5EE56F2-6BBD-48E6-910F-3ED17805BBC9}.Unicode Debug No PreComp|x64.Build.0 = Unicode Debug No PreComp|x64
		{C5EE56F2-6BBD-48E6-910F-3ED17805BBC9}.Unicode Debug|Win32.ActiveCfg = Unicode Debug|Win32
		{C5EE56F2-6BBD-48E6-910F-3ED17805BBC9}.Unicode Debug|Win32.Build.0 = Unicode Debug|Win32
		{C5EE56F2-6BBD-48E6-910F-3ED17805BBC9}.Unicode Debug|x64.ActiveCfg = Unicode Debug|x64
		{C5EE56F2-6BBD-48E6-910F-3ED17805BBC9}.Unicode Debug|x64.Build.0 = Unicode Debug|x64
		{C5EE56F2-6BBD-48E6-910F-3ED17805BBC9}.Unicode Release|Win32.ActiveCfg = Unicode Release|Win32
		{C5EE56F2-6BBD-48E6-910F-3ED17805BBC9}.Unicode Release|Win32.Build.0 = Unicode Release|Win32
		{C5EE56F2-6BBD-48E6-910F-3ED17805BBC9}.Unicode Release|x64.ActiveCfg = Unicode Release|x64
		{C5EE56F2-6BBD-48E6-910F-3ED17805BBC9}.Unicode Release|x64.Build.0 = Unicode Release|x64
		{8AD287CB-15B7-48DA-99C7-8FDC792B79F2}.Debug|Win32.ActiveCfg = Debug|Win32
		{8AD287CB-15B7-48DA-99C7-8FDC792B79F2}.Debug|Win32.Build.0 = Debug|Win32
		{8AD287CB-15B7-48DA-99C7-8FDC792B79F2}.Debug|x64.ActiveCfg = Debug|x64
		{8AD287CB-15B7-48DA-99C7-8FDC792B79F2}.Debug|x64.Build.0 = Debug|x64
		{8AD287CB-15B7-48DA-99C7-8FDC792B79F2}.Release|Win32.ActiveCfg = Release|Win32
		{8AD287CB-15B7-48DA-99C7-8FDC792B79F2}.Release|Win32.Build.0 = Release|Win32
		{8AD287CB-15B7-48DA-99C7-8FDC792B79F2}.Release|x64.ActiveCfg = Release|x64
		{8AD287CB-15B7-48DA-99C7-8FDC792B79F2}.Release|x64.Build.0 = Release|x64
		{8AD287CB-15B7-48DA-99C7-8FDC792B79F2}.Unicode Debug No PreComp|Win32.ActiveCfg = Unicode Debug No PreComp|Win32
		{8AD287CB-15B7-48DA-99C7-8FDC792B79F2}.Unicode Debug No PreComp|Win32.Build.0 = Unicode Debug No PreComp|Win32
		{8AD287CB-15B7-48DA-99C7-8FDC792B79F2}.Unicode Debug No PreComp|x64.ActiveCfg = Unicode Debug No PreComp|x64
		{8AD287CB-15B7-48DA-99C7-8FDC792B79F2}.Unicode Debug No PreComp|x64.Build.0 = Unicode Debug No PreComp|x64
		{8AD287CB-15B7-48DA-99C7-8FDC792B79F2}.Unicode Debug|Win32.ActiveCfg = Unicode Debug|Win32
		{8AD287CB-15B7-48DA-99C7-8FDC792B79F2}.Unicode Debug|Win32.Build.0 = Unicode Debug|Win32
		{8AD287CB-15B7-48DA-99C7-8FDC792B79F2}.Unicode Debug|x64.ActiveCfg = Unicode Debug|x64
		{8AD287CB-15B7-48DA-99C7-8FDC792B79F2}.Unicode Debug|x64.Build.0 = Unicode Debug|x64
		{8AD287CB-15B7-48DA-99C7-8FDC792B79F2}.Unicode Release|Win32.ActiveCfg = Unicode Release|Win32
		{8AD287CB-15B7-48DA-99C7-8FDC792B79F2}.Unicode Release|Win32.Build.0 = Unicode Release|Win32
		{8AD287CB-15B7-48DA-99C7-8FDC792B79F2}.Unicode Release|x64.ActiveCfg = Unicode Release|x64
		{8AD287CB-15B7-48DA-99C7-8FDC792B79F2}.Unicode Release|x64.Build.0 = Unicode Release|x64
		{7BC9B51A-7DFA-4AEE-A49A-AD52C1208DA3}.Debug|Win32.ActiveCfg = Debug|Win32
		{7BC9B51A-7DFA-4AEE-A49A-AD52C1208DA3}.Debug|Win32.Build.0 = Debug|Win32
		{7BC9B51A-7DFA-4AEE-A49A-AD52C1208DA3}.Debug|x64.ActiveCfg = Debug|x64
		{7BC9B51A-7DFA-4AEE-A49A-AD52C1208DA3}.Debug|x64.Build.0 = Debug|x64
		{7BC9B51A-7DFA-4AEE-A49A-AD52C1208DA3}.Release|Win32.ActiveCfg = Release|Win32
		{7BC9B51A-7DFA-4AEE-A49A-AD52C1208DA3}.Release|Win32.Build.0 = Release|Win32
		{7BC9B51A-7DFA-4AEE-A49A-AD52C1208DA3}.Release|x64.ActiveCfg = Release|x64
		{7BC9B51A-7DFA-4AEE-A49A-AD52C1208DA3}.Release|x64.Build.0 = Release|x64
		{7BC9B51A-7DFA-4AEE-A49A-AD52C1208DA3}.Unicode Debug No PreComp|Win32.ActiveCfg = Unicode Debug No PreComp|Win32
		{7BC9B51A-7DFA-4AEE-A49A-AD52C1208DA3}.Unicode Debug No PreComp|Win32.Build.0 = Unicode Debug No PreComp|Win32
		{7BC9B51A-7DFA-4AEE-A49A-AD52C1208DA3}.Unicode Debug No PreComp|x64.ActiveCfg = Unicode Debug No PreComp|x64
		{7BC9B51A-7DFA-4AEE-A49A-AD52C1208DA3}.Unicode Debug No PreComp|x64.Build.0 = Unicode Debug No PreComp|x64
		{7BC9B51A-7DFA-4AEE-A49A-AD52C1208DA3}.Unicode Debug|Win32.ActiveCfg = Unicode Debug|Win32
		{7BC9B51A-7DFA-4AEE-A49A-AD52C1208DA3}.Unicode Debug|Win32.Build.0 = Unicode Debug|Win32
		{7BC9B51A-7DFA-4AEE-A49A-AD52C1208DA3}.Unicode Debug|x64.ActiveCfg = Unicode Debug|x64
		{7BC9B51A-7DFA-4AEE-A49A-AD52C1208DA3}.Unicode Debug|x64.Build.0 = Unicode Debug|x64
		{7BC9B51A-7DFA-4AEE-A49A-AD52C1208DA3}.Unicode Release|Win32.ActiveCfg = Unicode Release|Win32
		{7BC9B51A-7DFA-4AEE-A49A-AD52C1208DA3}.Unicode Release|Win32.Build.0 = Unicode Release|Win32
		{7BC9B51A-7DFA-4AEE-A49A-AD52C1208DA3}.Unicode Release|x64.ActiveCfg = Unicode Release|x64
		{7BC9B51A-7DFA-4AEE-A49A-AD52C1208DA3}.Unicode Release|x64.Build.0 = Unicode Release|x64
	EndGlobalSection
	GlobalSection(SolutionProperties) = preSolution
		HideSolutionNode = FALSE
	EndGlobalSection
	GlobalSection(ExtensibilityGlobals) = postSolution
		SolutionGuid = {64370CB3-5173-4C5B-9ED8-846986BDDECF}
	EndGlobalSection
EndGlobal
