<?xml version="1.0" encoding="utf-8"?>
<Project ToolsVersion="4.0" xmlns="http://schemas.microsoft.com/developer/msbuild/2003">
  <ItemGroup>
    <Filter Include="Documentation">
      <UniqueIdentifier>{77d601e5-0171-4db1-8131-d12a7b9c0e4d}</UniqueIdentifier>
    </Filter>
    <Filter Include="Header Files">
      <UniqueIdentifier>{65999910-dd3e-4ba0-ba57-d0c30a9da853}</UniqueIdentifier>
      <Extensions>h;hpp;hxx;hm;inl</Extensions>
    </Filter>
    <Filter Include="Interfaces">
      <UniqueIdentifier>{10e74b31-06d2-48c3-9479-e737fe28bc66}</UniqueIdentifier>
    </Filter>
    <Filter Include="Precompiled Header">
      <UniqueIdentifier>{f0b7f3cc-1fe5-4e27-9606-437b71613508}</UniqueIdentifier>
    </Filter>
    <Filter Include="Source Files">
      <UniqueIdentifier>{5f2bcde6-4965-4058-aeaf-1c0ad79a35b7}</UniqueIdentifier>
      <Extensions>cpp;c;cxx;rc;def;r;odl;idl;hpj;bat</Extensions>
    </Filter>
  </ItemGroup>
  <ItemGroup>
    <ClCompile Include="PrecompiledHeader.cpp">
      <Filter>Precompiled Header</Filter>
    </ClCompile>
    <ClCompile Include="SEHException.cpp">
      <Filter>Source Files</Filter>
    </ClCompile>
    <ClCompile Include="SmartHandle.cpp">
      <Filter>Source Files</Filter>
    </ClCompile>
    <ClCompile Include="Event.cpp">
      <Filter>Source Files</Filter>
    </ClCompile>
    <ClCompile Include="ThreadAffinity.cpp">
      <Filter>Source Files</Filter>
    </ClCompile>
    <ClCompile Include="CodePage.cpp">
      <Filter>Source Files</Filter>
    </ClCompile>
    <ClCompile Include="Admin.cpp">
      <Filter>Source Files</Filter>
    </ClCompile>
    <ClCompile Include="CrtReportHook.cpp">
      <Filter>Source Files</Filter>
    </ClCompile>
    <ClCompile Include="Win32Exception.cpp">
      <Filter>Source Files</Filter>
    </ClCompile>
    <ClCompile Include="GetLastErrorMessage.cpp">
      <Filter>Source Files</Filter>
    </ClCompile>
  </ItemGroup>
  <ItemGroup>
    <ClInclude Include="Event.h">
      <Filter>Header Files</Filter>
    </ClInclude>
    <ClInclude Include="IKernelObjectName.h">
      <Filter>Interfaces</Filter>
    </ClInclude>
    <ClInclude Include="SEHException.h">
      <Filter>Header Files</Filter>
    </ClInclude>
    <ClInclude Include="SmartHandle.h">
      <Filter>Header Files</Filter>
    </ClInclude>
    <ClInclude Include="CrtReportHook.h">
      <Filter>Header Files</Filter>
    </ClInclude>
    <ClInclude Include="CodePage.h">
      <Filter>Header Files</Filter>
    </ClInclude>
    <ClInclude Include="ThreadAffinity.h">
      <Filter>Header Files</Filter>
    </ClInclude>
    <ClInclude Include="Admin.h">
      <Filter>Header Files</Filter>
    </ClInclude>
    <ClInclude Include="GetLastErrorMessage.h">
      <Filter>Header Files</Filter>
    </ClInclude>
    <ClInclude Include="PrecompiledHeader.h">
      <Filter>Precompiled Header</Filter>
    </ClInclude>
    <ClInclude Include="PureCallHandler.h">
      <Filter>Header Files</Filter>
    </ClInclude>
    <ClInclude Include="Win32Exception.h">
      <Filter>Header Files</Filter>
    </ClInclude>
  </ItemGroup>
  <ItemGroup>
    <None Include="Docs\C++ToolsReleaseNotes.txt">
      <Filter>Documentation</Filter>
    </None>
    <None Include="Docs\Groups.txt">
      <Filter>Documentation</Filter>
    </None>
    <None Include="Docs\MainPage.txt">
      <Filter>Documentation</Filter>
    </None>
    <None Include="Docs\Overview.txt">
      <Filter>Documentation</Filter>
    </None>
    <None Include="Docs\ReleaseNotes.txt">
      <Filter>Documentation</Filter>
    </None>
  </ItemGroup>
</Project>