<?xml version="1.0" encoding="utf-8"?>
<Project ToolsVersion="4.0" xmlns="http://schemas.microsoft.com/developer/msbuild/2003">
  <ItemGroup>
    <Filter Include="Header Files">
      <UniqueIdentifier>{65999910-dd3e-4ba0-ba57-d0c30a9da853}</UniqueIdentifier>
      <Extensions>h;hpp;hxx;hm;inl</Extensions>
    </Filter>
    <Filter Include="Interfaces">
      <UniqueIdentifier>{10e74b31-06d2-48c3-9479-e737fe28bc66}</UniqueIdentifier>
    </Filter>
    <Filter Include="Precompiled Header">
      <UniqueIdentifier>{f0b7f3cc-1fe5-4e27-9606-437b71613508}</UniqueIdentifier>
    </Filter>
    <Filter Include="Source Files">
      <UniqueIdentifier>{5f2bcde6-4965-4058-aeaf-1c0ad79a35b7}</UniqueIdentifier>
      <Extensions>cpp;c;cxx;rc;def;r;odl;idl;hpj;bat</Extensions>
    </Filter>
  </ItemGroup>
  <ItemGroup>
    <ClCompile Include="PrecompiledHeader.cpp">
      <Filter>Precompiled Header</Filter>
    </ClCompile>
    <ClCompile Include="AutoResetEvent.cpp">
      <Filter>Source Files</Filter>
    </ClCompile>
    <ClCompile Include="CallbackTimerQueueEx.cpp">
      <Filter>Source Files</Filter>
    </ClCompile>
    <ClCompile Include="CriticalSection.cpp">
      <Filter>Source Files</Filter>
    </ClCompile>
    <ClCompile Include="DebugTrace.cpp">
      <Filter>Source Files</Filter>
    </ClCompile>
    <ClCompile Include="Event.cpp">
      <Filter>Source Files</Filter>
    </ClCompile>
    <ClCompile Include="Exception.cpp">
      <Filter>Source Files</Filter>
    </ClCompile>
    <ClCompile Include="ICriticalSection.cpp">
      <Filter>Source Files</Filter>
    </ClCompile>
    <ClCompile Include="IWaitable.cpp">
      <Filter>Source Files</Filter>
    </ClCompile>
    <ClCompile Include="ManualResetEvent.cpp">
      <Filter>Source Files</Filter>
    </ClCompile>
    <ClCompile Include="MessageLog.cpp">
      <Filter>Source Files</Filter>
    </ClCompile>
    <ClCompile Include="PerformanceCounter.cpp">
      <Filter>Source Files</Filter>
    </ClCompile>
    <ClCompile Include="SEHException.cpp">
      <Filter>Source Files</Filter>
    </ClCompile>
    <ClCompile Include="SimpleMessageLog.cpp">
      <Filter>Source Files</Filter>
    </ClCompile>
    <ClCompile Include="SmartHandle.cpp">
      <Filter>Source Files</Filter>
    </ClCompile>
    <ClCompile Include="StringConverter.cpp">
      <Filter>Source Files</Filter>
    </ClCompile>
    <ClCompile Include="Thread.cpp">
      <Filter>Source Files</Filter>
    </ClCompile>
    <ClCompile Include="ThreadAffinity.cpp">
      <Filter>Source Files</Filter>
    </ClCompile>
    <ClCompile Include="ThreadedCallbackTimerQueue.cpp">
      <Filter>Source Files</Filter>
    </ClCompile>
    <ClCompile Include="ThreadLocalStorage.cpp">
      <Filter>Source Files</Filter>
    </ClCompile>
    <ClCompile Include="ToString.cpp">
      <Filter>Source Files</Filter>
    </ClCompile>
    <ClCompile Include="Utils.cpp">
      <Filter>Source Files</Filter>
    </ClCompile>
    <ClCompile Include="Win32Exception.cpp">
      <Filter>Source Files</Filter>
    </ClCompile>
    <ClCompile Include="CallbackTimerWheel.cpp">
      <Filter>Source Files</Filter>
    </ClCompile>
    <ClCompile Include="CodePage.cpp">
      <Filter>Source Files</Filter>
    </ClCompile>
    <ClCompile Include="SystemTime.cpp">
      <Filter>Source Files</Filter>
    </ClCompile>
    <ClCompile Include="CrtReportHook.cpp">
      <Filter>Source Files</Filter>
    </ClCompile>
    <ClCompile Include="GlobalErrorHandler.cpp">
      <Filter>Source Files</Filter>
    </ClCompile>
    <ClCompile Include="PerThreadErrorHandler.cpp">
      <Filter>Source Files</Filter>
    </ClCompile>
  </ItemGroup>
  <ItemGroup>
    <ClInclude Include="AutoResetEvent.h">
      <Filter>Header Files</Filter>
    </ClInclude>
    <ClInclude Include="CallbackTimerQueueEx.h">
      <Filter>Header Files</Filter>
    </ClInclude>
    <ClInclude Include="ConditionalSmartPointer.h">
      <Filter>Header Files</Filter>
    </ClInclude>
    <ClInclude Include="CriticalSection.h">
      <Filter>Header Files</Filter>
    </ClInclude>
    <ClInclude Include="DebugTrace.h">
      <Filter>Header Files</Filter>
    </ClInclude>
    <ClInclude Include="Event.h">
      <Filter>Header Files</Filter>
    </ClInclude>
    <ClInclude Include="Exception.h">
      <Filter>Header Files</Filter>
    </ClInclude>
    <ClInclude Include="ExpandableBuffer.h">
      <Filter>Header Files</Filter>
    </ClInclude>
    <ClInclude Include="ManualResetEvent.h">
      <Filter>Header Files</Filter>
    </ClInclude>
    <ClInclude Include="MessageLog.h">
      <Filter>Header Files</Filter>
    </ClInclude>
    <ClInclude Include="NullCallbackTimerQueueMonitor.h">
      <Filter>Header Files</Filter>
    </ClInclude>
    <ClInclude Include="NullMessageLog.h">
      <Filter>Header Files</Filter>
    </ClInclude>
    <ClInclude Include="NullThreadedCallbackTimerQueueMonitor.h">
      <Filter>Header Files</Filter>
    </ClInclude>
    <ClInclude Include="PerformanceCounter.h">
      <Filter>Header Files</Filter>
    </ClInclude>
    <ClInclude Include="SEHException.h">
      <Filter>Header Files</Filter>
    </ClInclude>
    <ClInclude Include="SimpleMessageLog.h">
      <Filter>Header Files</Filter>
    </ClInclude>
    <ClInclude Include="SmartHandle.h">
      <Filter>Header Files</Filter>
    </ClInclude>
    <ClInclude Include="StringConverter.h">
      <Filter>Header Files</Filter>
    </ClInclude>
    <ClInclude Include="Thread.h">
      <Filter>Header Files</Filter>
    </ClInclude>
    <ClInclude Include="ThreadAffinity.h">
      <Filter>Header Files</Filter>
    </ClInclude>
    <ClInclude Include="ThreadedCallbackTimerQueue.h">
      <Filter>Header Files</Filter>
    </ClInclude>
    <ClInclude Include="ThreadLocalStorage.h">
      <Filter>Header Files</Filter>
    </ClInclude>
    <ClInclude Include="TickCount64Provider.h">
      <Filter>Header Files</Filter>
    </ClInclude>
    <ClInclude Include="TickCountProvider.h">
      <Filter>Header Files</Filter>
    </ClInclude>
    <ClInclude Include="ToString.h">
      <Filter>Header Files</Filter>
    </ClInclude>
    <ClInclude Include="tstring.h">
      <Filter>Header Files</Filter>
    </ClInclude>
    <ClInclude Include="Utils.h">
      <Filter>Header Files</Filter>
    </ClInclude>
    <ClInclude Include="Win32Exception.h">
      <Filter>Header Files</Filter>
    </ClInclude>
    <ClInclude Include="ICriticalSection.h">
      <Filter>Interfaces</Filter>
    </ClInclude>
    <ClInclude Include="IWaitable.h">
      <Filter>Interfaces</Filter>
    </ClInclude>
    <ClInclude Include="IKernelObjectName.h">
      <Filter>Interfaces</Filter>
    </ClInclude>
    <ClInclude Include="ILogMessages.h">
      <Filter>Interfaces</Filter>
    </ClInclude>
    <ClInclude Include="IManageTimerQueue.h">
      <Filter>Interfaces</Filter>
    </ClInclude>
    <ClInclude Include="IMonitorCallbackTimerQueue.h">
      <Filter>Interfaces</Filter>
    </ClInclude>
    <ClInclude Include="IMonitorThreadedCallbackTimerQueue.h">
      <Filter>Interfaces</Filter>
    </ClInclude>
    <ClInclude Include="IProvideTickCount.h">
      <Filter>Interfaces</Filter>
    </ClInclude>
    <ClInclude Include="IProvideTickCount64.h">
      <Filter>Interfaces</Filter>
    </ClInclude>
    <ClInclude Include="IQueueTimers.h">
      <Filter>Interfaces</Filter>
    </ClInclude>
    <ClInclude Include="IRunnable.h">
      <Filter>Interfaces</Filter>
    </ClInclude>
    <ClInclude Include="CallbackTimerWheel.h">
      <Filter>Header Files</Filter>
    </ClInclude>
    <ClInclude Include="CodePage.h">
      <Filter>Header Files</Filter>
    </ClInclude>
    <ClInclude Include="SystemTime.h">
      <Filter>Header Files</Filter>
    </ClInclude>
    <ClInclude Include="IntrusiveMap.h">
      <Filter>Header Files</Filter>
    </ClInclude>
    <ClInclude Include="IntrusiveMultiMap.h">
      <Filter>Header Files</Filter>
    </ClInclude>
    <ClInclude Include="IntrusiveMultiMapNode.h">
      <Filter>Header Files</Filter>
    </ClInclude>
    <ClInclude Include="IntrusiveRedBlackTree.h">
      <Filter>Header Files</Filter>
    </ClInclude>
    <ClInclude Include="IntrusiveRedBlackTreeNode.h">
      <Filter>Header Files</Filter>
    </ClInclude>
    <ClInclude Include="IntrusiveSet.h">
      <Filter>Header Files</Filter>
    </ClInclude>
    <ClInclude Include="IntrusiveSetNode.h">
      <Filter>Header Files</Filter>
    </ClInclude>
    <ClInclude Include="CrtReportHook.h">
      <Filter>Header Files</Filter>
    </ClInclude>
    <ClInclude Include="EmptyBase.h">
      <Filter>Header Files</Filter>
    </ClInclude>
    <ClInclude Include="GlobalErrorHandler.h">
      <Filter>Header Files</Filter>
    </ClInclude>
    <ClInclude Include="ILockableObject.h">
      <Filter>Header Files</Filter>
    </ClInclude>
    <ClInclude Include="IReentrantLockableObject.h">
      <Filter>Header Files</Filter>
    </ClInclude>
    <ClInclude Include="LockableObject.h">
      <Filter>Header Files</Filter>
    </ClInclude>
    <ClInclude Include="LockableObjectOwners.h">
      <Filter>Header Files</Filter>
    </ClInclude>
    <ClInclude Include="PerThreadErrorHandler.h">
      <Filter>Header Files</Filter>
    </ClInclude>
    <ClInclude Include="PureCallHandler.h">
      <Filter>Header Files</Filter>
    </ClInclude>
    <ClInclude Include="ReentrantLockableObject.h">
      <Filter>Header Files</Filter>
    </ClInclude>
  </ItemGroup>
</Project>