Microsoft Visual Studio Solution File, Format Version 7.00
Project("{8BC9CEB8-8B4A-11D0-8D11-00A0C91BC942}") = "Admin", "..\Admin\Admin.2002.vcproj", "{55E20719-A0E0-4C6A-99C2-88CA3AA8FC81}"
EndProject
Project("{8BC9CEB8-8B4A-11D0-8D11-00A0C91BC942}") = "C++Tools", "C++Tools.2002.vcproj", "{512BC4E6-478D-4D67-B6A3-C092F18A4F24}"
EndProject
Project("{8BC9CEB8-8B4A-11D0-8D11-00A0C91BC942}") = "C++ToolsMock", "Mock\C++ToolsMock.2002.vcproj", "{758913BD-59FC-4367-986D-A464D58291C8}"
EndProject
Project("{8BC9CEB8-8B4A-11D0-8D11-00A0C91BC942}") = "C++ToolsTest", "Test\C++ToolsTest.2002.vcproj", "{6A319FF9-DBE9-4E8A-8E10-2411DD6B050F}"
EndProject
Project("{8BC9CEB8-8B4A-11D0-8D11-00A0C91BC942}") = "TestTools", "..\TestTools\TestTools.2002.vcproj", "{8AD287CB-15B7-48DA-99C7-8FDC792B79F2}"
EndProject
Project("{8BC9CEB8-8B4A-11D0-8D11-00A0C91BC942}") = "Win32Tools", "..\Win32Tools\Win32Tools.2002.vcproj", "{2B110D05-1F89-43CC-B5D2-75745366498A}"
EndProject
Global
	GlobalSection(SolutionConfiguration) = preSolution
		ConfigName.0 = Debug
		ConfigName.1 = Release
		ConfigName.2 = Unicode Debug
		ConfigName.3 = Unicode Debug No PreComp
		ConfigName.4 = Unicode Release
	EndGlobalSection
	GlobalSection(ProjectDependencies) = postSolution
		{6A319FF9-DBE9-4E8A-8E10-2411DD6B050F}.0 = {512BC4E6-478D-4D67-B6A3-C092F18A4F24}
		{6A319FF9-DBE9-4E8A-8E10-2411DD6B050F}.1 = {758913BD-59FC-4367-986D-A464D58291C8}
		{6A319FF9-DBE9-4E8A-8E10-2411DD6B050F}.2 = {8AD287CB-15B7-48DA-99C7-8FDC792B79F2}
		{6A319FF9-DBE9-4E8A-8E10-2411DD6B050F}.3 = {2B110D05-1F89-43CC-B5D2-75745366498A}
	EndGlobalSection
	GlobalSection(ProjectConfiguration) = postSolution
		{55E20719-A0E0-4C6A-99C2-88CA3AA8FC81}.Debug.ActiveCfg = Debug|Win32
		{55E20719-A0E0-4C6A-99C2-88CA3AA8FC81}.Debug.Build.0 = Debug|Win32
		{55E20719-A0E0-4C6A-99C2-88CA3AA8FC81}.Release.ActiveCfg = Release|Win32
		{55E20719-A0E0-4C6A-99C2-88CA3AA8FC81}.Release.Build.0 = Release|Win32
		{55E20719-A0E0-4C6A-99C2-88CA3AA8FC81}.Unicode Debug.ActiveCfg = Unicode Debug|Win32
		{55E20719-A0E0-4C6A-99C2-88CA3AA8FC81}.Unicode Debug.Build.0 = Unicode Debug|Win32
		{55E20719-A0E0-4C6A-99C2-88CA3AA8FC81}.Unicode Debug No PreComp.ActiveCfg = Unicode Debug No PreComp|Win32
		{55E20719-A0E0-4C6A-99C2-88CA3AA8FC81}.Unicode Debug No PreComp.Build.0 = Unicode Debug No PreComp|Win32
		{55E20719-A0E0-4C6A-99C2-88CA3AA8FC81}.Unicode Release.ActiveCfg = Unicode Release|Win32
		{55E20719-A0E0-4C6A-99C2-88CA3AA8FC81}.Unicode Release.Build.0 = Unicode Release|Win32
		{512BC4E6-478D-4D67-B6A3-C092F18A4F24}.Debug.ActiveCfg = Debug|Win32
		{512BC4E6-478D-4D67-B6A3-C092F18A4F24}.Debug.Build.0 = Debug|Win32
		{512BC4E6-478D-4D67-B6A3-C092F18A4F24}.Release.ActiveCfg = Release|Win32
		{512BC4E6-478D-4D67-B6A3-C092F18A4F24}.Release.Build.0 = Release|Win32
		{512BC4E6-478D-4D67-B6A3-C092F18A4F24}.Unicode Debug.ActiveCfg = Unicode Debug|Win32
		{512BC4E6-478D-4D67-B6A3-C092F18A4F24}.Unicode Debug.Build.0 = Unicode Debug|Win32
		{512BC4E6-478D-4D67-B6A3-C092F18A4F24}.Unicode Debug No PreComp.ActiveCfg = Unicode Debug No PreComp|Win32
		{512BC4E6-478D-4D67-B6A3-C092F18A4F24}.Unicode Debug No PreComp.Build.0 = Unicode Debug No PreComp|Win32
		{512BC4E6-478D-4D67-B6A3-C092F18A4F24}.Unicode Release.ActiveCfg = Unicode Release|Win32
		{512BC4E6-478D-4D67-B6A3-C092F18A4F24}.Unicode Release.Build.0 = Unicode Release|Win32
		{758913BD-59FC-4367-986D-A464D58291C8}.Debug.ActiveCfg = Debug|Win32
		{758913BD-59FC-4367-986D-A464D58291C8}.Debug.Build.0 = Debug|Win32
		{758913BD-59FC-4367-986D-A464D58291C8}.Release.ActiveCfg = Release|Win32
		{758913BD-59FC-4367-986D-A464D58291C8}.Release.Build.0 = Release|Win32
		{758913BD-59FC-4367-986D-A464D58291C8}.Unicode Debug.ActiveCfg = Unicode Debug|Win32
		{758913BD-59FC-4367-986D-A464D58291C8}.Unicode Debug.Build.0 = Unicode Debug|Win32
		{758913BD-59FC-4367-986D-A464D58291C8}.Unicode Debug No PreComp.ActiveCfg = Unicode Debug No PreComp|Win32
		{758913BD-59FC-4367-986D-A464D58291C8}.Unicode Debug No PreComp.Build.0 = Unicode Debug No PreComp|Win32
		{758913BD-59FC-4367-986D-A464D58291C8}.Unicode Release.ActiveCfg = Unicode Release|Win32
		{758913BD-59FC-4367-986D-A464D58291C8}.Unicode Release.Build.0 = Unicode Release|Win32
		{6A319FF9-DBE9-4E8A-8E10-2411DD6B050F}.Debug.ActiveCfg = Debug|Win32
		{6A319FF9-DBE9-4E8A-8E10-2411DD6B050F}.Debug.Build.0 = Debug|Win32
		{6A319FF9-DBE9-4E8A-8E10-2411DD6B050F}.Release.ActiveCfg = Release|Win32
		{6A319FF9-DBE9-4E8A-8E10-2411DD6B050F}.Release.Build.0 = Release|Win32
		{6A319FF9-DBE9-4E8A-8E10-2411DD6B050F}.Unicode Debug.ActiveCfg = Unicode Debug|Win32
		{6A319FF9-DBE9-4E8A-8E10-2411DD6B050F}.Unicode Debug.Build.0 = Unicode Debug|Win32
		{6A319FF9-DBE9-4E8A-8E10-2411DD6B050F}.Unicode Debug No PreComp.ActiveCfg = Unicode Debug No PreComp|Win32
		{6A319FF9-DBE9-4E8A-8E10-2411DD6B050F}.Unicode Debug No PreComp.Build.0 = Unicode Debug No PreComp|Win32
		{6A319FF9-DBE9-4E8A-8E10-2411DD6B050F}.Unicode Release.ActiveCfg = Unicode Release|Win32
		{6A319FF9-DBE9-4E8A-8E10-2411DD6B050F}.Unicode Release.Build.0 = Unicode Release|Win32
		{8AD287CB-15B7-48DA-99C7-8FDC792B79F2}.Debug.ActiveCfg = Debug|Win32
		{8AD287CB-15B7-48DA-99C7-8FDC792B79F2}.Debug.Build.0 = Debug|Win32
		{8AD287CB-15B7-48DA-99C7-8FDC792B79F2}.Release.ActiveCfg = Release|Win32
		{8AD287CB-15B7-48DA-99C7-8FDC792B79F2}.Release.Build.0 = Release|Win32
		{8AD287CB-15B7-48DA-99C7-8FDC792B79F2}.Unicode Debug.ActiveCfg = Unicode Debug|Win32
		{8AD287CB-15B7-48DA-99C7-8FDC792B79F2}.Unicode Debug.Build.0 = Unicode Debug|Win32
		{8AD287CB-15B7-48DA-99C7-8FDC792B79F2}.Unicode Debug No PreComp.ActiveCfg = Unicode Debug No PreComp|Win32
		{8AD287CB-15B7-48DA-99C7-8FDC792B79F2}.Unicode Debug No PreComp.Build.0 = Unicode Debug No PreComp|Win32
		{8AD287CB-15B7-48DA-99C7-8FDC792B79F2}.Unicode Release.ActiveCfg = Unicode Release|Win32
		{8AD287CB-15B7-48DA-99C7-8FDC792B79F2}.Unicode Release.Build.0 = Unicode Release|Win32
		{2B110D05-1F89-43CC-B5D2-75745366498A}.Debug.ActiveCfg = Debug|Win32
		{2B110D05-1F89-43CC-B5D2-75745366498A}.Debug.Build.0 = Debug|Win32
		{2B110D05-1F89-43CC-B5D2-75745366498A}.Release.ActiveCfg = Release|Win32
		{2B110D05-1F89-43CC-B5D2-75745366498A}.Release.Build.0 = Release|Win32
		{2B110D05-1F89-43CC-B5D2-75745366498A}.Unicode Debug.ActiveCfg = Unicode Debug|Win32
		{2B110D05-1F89-43CC-B5D2-75745366498A}.Unicode Debug.Build.0 = Unicode Debug|Win32
		{2B110D05-1F89-43CC-B5D2-75745366498A}.Unicode Debug No PreComp.ActiveCfg = Unicode Debug No PreComp|Win32
		{2B110D05-1F89-43CC-B5D2-75745366498A}.Unicode Debug No PreComp.Build.0 = Unicode Debug No PreComp|Win32
		{2B110D05-1F89-43CC-B5D2-75745366498A}.Unicode Release.ActiveCfg = Unicode Release|Win32
		{2B110D05-1F89-43CC-B5D2-75745366498A}.Unicode Release.Build.0 = Unicode Release|Win32
	EndGlobalSection
	GlobalSection(ExtensibilityGlobals) = postSolution
	EndGlobalSection
	GlobalSection(ExtensibilityAddIns) = postSolution
	EndGlobalSection
EndGlobal
