<?xml version="1.0" encoding="utf-8"?>
<Project ToolsVersion="4.0" xmlns="http://schemas.microsoft.com/developer/msbuild/2003">
  <ItemGroup>
    <Filter Include="Header Files">
      <UniqueIdentifier>{14812c43-a441-4334-8659-550b75ef18e6}</UniqueIdentifier>
      <Extensions>h;hpp;hxx;hm;inl</Extensions>
    </Filter>
    <Filter Include="Precompiled Header">
      <UniqueIdentifier>{9c02d8d9-92a4-4da4-b851-1d2a8c7f9a8c}</UniqueIdentifier>
    </Filter>
    <Filter Include="Source Files">
      <UniqueIdentifier>{22f6e9d0-48c0-4936-b038-9a92276aa2d3}</UniqueIdentifier>
      <Extensions>cpp;c;cxx;rc;def;r;odl;idl;hpj;bat</Extensions>
    </Filter>
  </ItemGroup>
  <ItemGroup>
    <ClCompile Include="PrecompiledHeader.cpp">
      <Filter>Precompiled Header</Filter>
    </ClCompile>
    <ClCompile Include="LoggingCallbackTimer.cpp">
      <Filter>Source Files</Filter>
    </ClCompile>
    <ClCompile Include="MockTickCount64Provider.cpp">
      <Filter>Source Files</Filter>
    </ClCompile>
    <ClCompile Include="MockTickCountProvider.cpp">
      <Filter>Source Files</Filter>
    </ClCompile>
    <ClCompile Include="MockTimerQueue.cpp">
      <Filter>Source Files</Filter>
    </ClCompile>
    <ClCompile Include="MockTimerQueueMonitor.cpp">
      <Filter>Source Files</Filter>
    </ClCompile>
    <ClCompile Include="TestCallbackTimerWheel.cpp">
      <Filter>Source Files</Filter>
    </ClCompile>
    <ClCompile Include="MockThreadedCallbackTimerQueueMonitor.cpp">
      <Filter>Source Files</Filter>
    </ClCompile>
    <ClCompile Include="TestIntrusiveRedBlackTreeNode.cpp">
      <Filter>Source Files</Filter>
    </ClCompile>
    <ClCompile Include="TestIntrusiveMultiMapNode.cpp">
      <Filter>Source Files</Filter>
    </ClCompile>
  </ItemGroup>
  <ItemGroup>
    <ClInclude Include="PrecompiledHeader.h">
      <Filter>Precompiled Header</Filter>
    </ClInclude>
    <ClInclude Include="LoggingCallbackTimer.h">
      <Filter>Header Files</Filter>
    </ClInclude>
    <ClInclude Include="MockTickCount64Provider.h">
      <Filter>Header Files</Filter>
    </ClInclude>
    <ClInclude Include="MockTickCountProvider.h">
      <Filter>Header Files</Filter>
    </ClInclude>
    <ClInclude Include="MockTimerQueue.h">
      <Filter>Header Files</Filter>
    </ClInclude>
    <ClInclude Include="MockTimerQueueMonitor.h">
      <Filter>Header Files</Filter>
    </ClInclude>
    <ClInclude Include="TestCallbackTimerWheel.h">
      <Filter>Header Files</Filter>
    </ClInclude>
    <ClInclude Include="MockThreadedCallbackTimerQueueMonitor.h">
      <Filter>Header Files</Filter>
    </ClInclude>
    <ClInclude Include="TestIntrusiveRedBlackTreeNode.h">
      <Filter>Header Files</Filter>
    </ClInclude>
    <ClInclude Include="TestIntrusiveMultiMapNode.h">
      <Filter>Header Files</Filter>
    </ClInclude>
  </ItemGroup>
</Project>