
Microsoft Visual Studio Solution File, Format Version 10.00
# Visual Studio 2008
Project("{8BC9CEB8-8B4A-11D0-8D11-00A0C91BC942}") = "Admin", "Admin.2008.vcproj", "{F7BBF14A-A173-49C5-AF88-EBC99A2C9A8B}"
EndProject
Global
	GlobalSection(SolutionConfigurationPlatforms) = preSolution
		Debug|Win32 = Debug|Win32
		Debug|x64 = Debug|x64
		Release|Win32 = Release|Win32
		Release|x64 = Release|x64
		Unicode Debug No PreComp|Win32 = Unicode Debug No PreComp|Win32
		Unicode Debug No PreComp|x64 = Unicode Debug No PreComp|x64
		Unicode Debug|Win32 = Unicode Debug|Win32
		Unicode Debug|x64 = Unicode Debug|x64
		Unicode Release|Win32 = Unicode Release|Win32
		Unicode Release|x64 = Unicode Release|x64
	EndGlobalSection
	GlobalSection(ProjectConfigurationPlatforms) = postSolution
		{F7BBF14A-A173-49C5-AF88-EBC99A2C9A8B}.Debug|Win32.ActiveCfg = Debug|Win32
		{F7BBF14A-A173-49C5-AF88-EBC99A2C9A8B}.Debug|Win32.Build.0 = Debug|Win32
		{F7BBF14A-A173-49C5-AF88-EBC99A2C9A8B}.Debug|x64.ActiveCfg = Debug|x64
		{F7BBF14A-A173-49C5-AF88-EBC99A2C9A8B}.Debug|x64.Build.0 = Debug|x64
		{F7BBF14A-A173-49C5-AF88-EBC99A2C9A8B}.Release|Win32.ActiveCfg = Release|Win32
		{F7BBF14A-A173-49C5-AF88-EBC99A2C9A8B}.Release|Win32.Build.0 = Release|Win32
		{F7BBF14A-A173-49C5-AF88-EBC99A2C9A8B}.Release|x64.ActiveCfg = Release|x64
		{F7BBF14A-A173-49C5-AF88-EBC99A2C9A8B}.Release|x64.Build.0 = Release|x64
		{F7BBF14A-A173-49C5-AF88-EBC99A2C9A8B}.Unicode Debug No PreComp|Win32.ActiveCfg = Unicode Debug No PreComp|Win32
		{F7BBF14A-A173-49C5-AF88-EBC99A2C9A8B}.Unicode Debug No PreComp|Win32.Build.0 = Unicode Debug No PreComp|Win32
		{F7BBF14A-A173-49C5-AF88-EBC99A2C9A8B}.Unicode Debug No PreComp|x64.ActiveCfg = Unicode Debug No PreComp|x64
		{F7BBF14A-A173-49C5-AF88-EBC99A2C9A8B}.Unicode Debug No PreComp|x64.Build.0 = Unicode Debug No PreComp|x64
		{F7BBF14A-A173-49C5-AF88-EBC99A2C9A8B}.Unicode Debug|Win32.ActiveCfg = Unicode Debug|Win32
		{F7BBF14A-A173-49C5-AF88-EBC99A2C9A8B}.Unicode Debug|Win32.Build.0 = Unicode Debug|Win32
		{F7BBF14A-A173-49C5-AF88-EBC99A2C9A8B}.Unicode Debug|x64.ActiveCfg = Unicode Debug|x64
		{F7BBF14A-A173-49C5-AF88-EBC99A2C9A8B}.Unicode Debug|x64.Build.0 = Unicode Debug|x64
		{F7BBF14A-A173-49C5-AF88-EBC99A2C9A8B}.Unicode Release|Win32.ActiveCfg = Unicode Release|Win32
		{F7BBF14A-A173-49C5-AF88-EBC99A2C9A8B}.Unicode Release|Win32.Build.0 = Unicode Release|Win32
		{F7BBF14A-A173-49C5-AF88-EBC99A2C9A8B}.Unicode Release|x64.ActiveCfg = Unicode Release|x64
		{F7BBF14A-A173-49C5-AF88-EBC99A2C9A8B}.Unicode Release|x64.Build.0 = Unicode Release|x64
	EndGlobalSection
	GlobalSection(SolutionProperties) = preSolution
		HideSolutionNode = FALSE
	EndGlobalSection
EndGlobal
