<?xml version="1.0" encoding="utf-8"?>
<Project ToolsVersion="4.0" xmlns="http://schemas.microsoft.com/developer/msbuild/2003">
  <ItemGroup>
    <Filter Include="Documentation">
      <UniqueIdentifier>{b2f255ce-5fee-46bf-b873-7912f8fa9439}</UniqueIdentifier>
    </Filter>
    <Filter Include="Header Files">
      <UniqueIdentifier>{57be5c34-3b6f-4c14-9a76-2ae6b54c55bf}</UniqueIdentifier>
      <Extensions>h;hpp;hxx;hm;inl</Extensions>
    </Filter>
    <Filter Include="Header Files\Example Config Headers">
      <UniqueIdentifier>{790868fb-e096-48af-9e9e-9a651f81c9d7}</UniqueIdentifier>
    </Filter>
    <Filter Include="Source Files">
      <UniqueIdentifier>{968919d7-6913-4276-b2da-96740b1d62e0}</UniqueIdentifier>
    </Filter>
    <Filter Include="Header Files\Compiler">
      <UniqueIdentifier>{1d4fcd53-3f6d-4603-8a5d-07484a59fcc7}</UniqueIdentifier>
    </Filter>
    <Filter Include="Header Files\Platform">
      <UniqueIdentifier>{27c33f95-6631-4fca-9af3-d53043391525}</UniqueIdentifier>
    </Filter>
  </ItemGroup>
  <ItemGroup>
    <ClInclude Include="Admin.h">
      <Filter>Header Files</Filter>
    </ClInclude>
    <ClInclude Include="CompilerName.h">
      <Filter>Header Files</Filter>
    </ClInclude>
    <ClInclude Include="Config.h">
      <Filter>Header Files</Filter>
    </ClInclude>
    <ClInclude Include="DetectPlatformSDKVersion.h">
      <Filter>Header Files</Filter>
    </ClInclude>
    <ClInclude Include="TargetWindowsVersion.h">
      <Filter>Header Files</Filter>
    </ClInclude>
    <ClInclude Include="Todo.h">
      <Filter>Header Files</Filter>
    </ClInclude>
    <ClInclude Include="Warnings.h">
      <Filter>Header Files</Filter>
    </ClInclude>
    <ClInclude Include="StaticAssert.h">
      <Filter>Header Files</Filter>
    </ClInclude>
    <ClInclude Include="ExampleConfigHeaders\Config.h">
      <Filter>Header Files\Example Config Headers</Filter>
    </ClInclude>
    <ClInclude Include="ExampleConfigHeaders\TargetWindowsVersion_VISTA.h">
      <Filter>Header Files\Example Config Headers</Filter>
    </ClInclude>
    <ClInclude Include="ExampleConfigHeaders\TargetWindowsVersion_WIN7.h">
      <Filter>Header Files\Example Config Headers</Filter>
    </ClInclude>
    <ClInclude Include="ExampleConfigHeaders\TargetWindowsVersion_WIN8.h">
      <Filter>Header Files\Example Config Headers</Filter>
    </ClInclude>
    <ClInclude Include="ExampleConfigHeaders\TargetWindowsVersion_WIN10.h">
      <Filter>Header Files\Example Config Headers</Filter>
    </ClInclude>
    <ClInclude Include="ExampleConfigHeaders\TargetWindowsVersion_WIN81.h">
      <Filter>Header Files\Example Config Headers</Filter>
    </ClInclude>
    <ClInclude Include="FunctionName.h">
      <Filter>Header Files</Filter>
    </ClInclude>
    <ClInclude Include="EnableIf.h">
      <Filter>Header Files</Filter>
    </ClInclude>
    <ClInclude Include="Platform.h">
      <Filter>Header Files</Filter>
    </ClInclude>
    <ClInclude Include="Compiler\MSVC\CompilerName.h">
      <Filter>Header Files\Compiler</Filter>
    </ClInclude>
    <ClInclude Include="Compiler\MSVC\Warnings.h">
      <Filter>Header Files\Compiler</Filter>
    </ClInclude>
    <ClInclude Include="Platform\Windows\CompilerName.h">
      <Filter>Header Files\Platform</Filter>
    </ClInclude>
    <ClInclude Include="Platform\Windows\Warnings.h">
      <Filter>Header Files\Platform</Filter>
    </ClInclude>
  </ItemGroup>
  <ItemGroup>
    <None Include="Docs\BuildConfiguration.txt">
      <Filter>Documentation</Filter>
    </None>
    <None Include="Docs\FAQ.txt">
      <Filter>Documentation</Filter>
    </None>
    <None Include="Docs\Groups.txt">
      <Filter>Documentation</Filter>
    </None>
    <None Include="Docs\MainPage.txt">
      <Filter>Documentation</Filter>
    </None>
    <None Include="Docs\Overview.txt">
      <Filter>Documentation</Filter>
    </None>
    <None Include="Docs\ProgrammingConcepts.txt">
      <Filter>Documentation</Filter>
    </None>
    <None Include="Docs\ReleaseNotes.txt">
      <Filter>Documentation</Filter>
    </None>
    <None Include="Docs\Testing.txt">
      <Filter>Documentation</Filter>
    </None>
  </ItemGroup>
  <ItemGroup>
    <ClCompile Include="Admin.cpp">
      <Filter>Source Files</Filter>
    </ClCompile>
  </ItemGroup>
</Project>