<?xml version="1.0" encoding="utf-8"?>
<Project ToolsVersion="4.0" xmlns="http://schemas.microsoft.com/developer/msbuild/2003">
  <ItemGroup>
    <Filter Include="Header Files">
      <UniqueIdentifier>{57be5c34-3b6f-4c14-9a76-2ae6b54c55bf}</UniqueIdentifier>
      <Extensions>h;hpp;hxx;hm;inl</Extensions>
    </Filter>
    <Filter Include="Header Files\Example Config Headers">
      <UniqueIdentifier>{790868fb-e096-48af-9e9e-9a651f81c9d7}</UniqueIdentifier>
    </Filter>
    <Filter Include="Source Files">
      <UniqueIdentifier>{968919d7-6913-4276-b2da-96740b1d62e0}</UniqueIdentifier>
    </Filter>
  </ItemGroup>
  <ItemGroup>
    <ClInclude Include="Admin.h">
      <Filter>Header Files</Filter>
    </ClInclude>
    <ClInclude Include="CompilerName.h">
      <Filter>Header Files</Filter>
    </ClInclude>
    <ClInclude Include="Config.h">
      <Filter>Header Files</Filter>
    </ClInclude>
    <ClInclude Include="DetectPlatformSDKVersion.h">
      <Filter>Header Files</Filter>
    </ClInclude>
    <ClInclude Include="ExampleConfigHeaders\Config.h">
      <Filter>Header Files\Example Config Headers</Filter>
    </ClInclude>
    <ClInclude Include="ExampleConfigHeaders\TargetWindowsVersion_VISTA.h">
      <Filter>Header Files\Example Config Headers</Filter>
    </ClInclude>
    <ClInclude Include="ExampleConfigHeaders\TargetWindowsVersion_WIN7.h">
      <Filter>Header Files\Example Config Headers</Filter>
    </ClInclude>
    <ClInclude Include="ForwardDeclareWinsockTypes.h">
      <Filter>Header Files</Filter>
    </ClInclude>
    <ClInclude Include="TargetWindowsVersion.h">
      <Filter>Header Files</Filter>
    </ClInclude>
    <ClInclude Include="Todo.h">
      <Filter>Header Files</Filter>
    </ClInclude>
    <ClInclude Include="Types.h">
      <Filter>Header Files</Filter>
    </ClInclude>
    <ClInclude Include="Warnings.h">
      <Filter>Header Files</Filter>
    </ClInclude>
    <ClInclude Include="WinsockWrapper.h">
      <Filter>Header Files</Filter>
    </ClInclude>
    <ClInclude Include="ExampleConfigHeaders\TargetWindowsVersion_WIN8.h">
      <Filter>Header Files\Example Config Headers</Filter>
    </ClInclude>
    <ClInclude Include="ExampleConfigHeaders\TargetWindowsVersion_WIN10.h">
      <Filter>Header Files\Example Config Headers</Filter>
    </ClInclude>
    <ClInclude Include="ExampleConfigHeaders\TargetWindowsVersion_WIN81.h">
      <Filter>Header Files\Example Config Headers</Filter>
    </ClInclude>
  </ItemGroup>
  <ItemGroup>
    <ClCompile Include="Admin.cpp">
      <Filter>Source Files</Filter>
    </ClCompile>
  </ItemGroup>
</Project>