<?xml version="1.0" encoding="utf-8"?>
<Project ToolsVersion="4.0" xmlns="http://schemas.microsoft.com/developer/msbuild/2003">
  <ItemGroup>
    <Filter Include="Precompiled Header">
      <UniqueIdentifier>{d2e3bfe9-1636-4b66-9584-4aaf32f2ab4e}</UniqueIdentifier>
    </Filter>
    <Filter Include="Test Harness">
      <UniqueIdentifier>{1ebd72ab-2449-413e-a062-0ad5d00a7198}</UniqueIdentifier>
    </Filter>
    <Filter Include="Tests">
      <UniqueIdentifier>{3f6913db-a25a-427d-a218-2ee22a5eb533}</UniqueIdentifier>
    </Filter>
  </ItemGroup>
  <ItemGroup>
    <ClCompile Include="PrecompiledHeader.cpp">
      <Filter>Precompiled Header</Filter>
    </ClCompile>
    <ClCompile Include="Test.cpp">
      <Filter>Test Harness</Filter>
    </ClCompile>
    <ClCompile Include="CallbackTimerQueueExTest.cpp">
      <Filter>Tests</Filter>
    </ClCompile>
    <ClCompile Include="ThreadedCallbackTimerQueueTest.cpp">
      <Filter>Tests</Filter>
    </ClCompile>
    <ClCompile Include="CallbackTimerWheelTest.cpp">
      <Filter>Tests</Filter>
    </ClCompile>
    <ClCompile Include="IntrusiveRedBlackTreeTest.cpp">
      <Filter>Tests</Filter>
    </ClCompile>
    <ClCompile Include="IntrusiveMultiMapTest.cpp">
      <Filter>Tests</Filter>
    </ClCompile>
  </ItemGroup>
  <ItemGroup>
    <ClInclude Include="CallbackTimerQueueExTest.h">
      <Filter>Tests</Filter>
    </ClInclude>
    <ClInclude Include="ThreadedCallbackTimerQueueTest.h">
      <Filter>Tests</Filter>
    </ClInclude>
    <ClInclude Include="CallbackTimerWheelTest.h">
      <Filter>Tests</Filter>
    </ClInclude>
    <ClInclude Include="CallbackTimerQueueTestBase.h">
      <Filter>Tests</Filter>
    </ClInclude>
    <ClInclude Include="IntrusiveRedBlackTreeTest.h">
      <Filter>Tests</Filter>
    </ClInclude>
    <ClInclude Include="IntrusiveMultiMapTest.h">
      <Filter>Tests</Filter>
    </ClInclude>
  </ItemGroup>
</Project>